// !$*UTF8*$!
{
	archiveVersion = 1;
	classes = {
	};
	objectVersion = 46;
	objects = {

/* Begin PBXBuildFile section */
		43A3FCE21510269500268D4C /* main.cpp in Sources */ = {isa = PBXBuildFile; fileRef = 43A3FCE11510269500268D4C /* main.cpp */; };
		43A3FCE41510269500268D4C /* _Puzzle.1 in CopyFiles */ = {isa = PBXBuildFile; fileRef = 43A3FCE31510269500268D4C /* _Puzzle.1 */; };
/* End PBXBuildFile section */

/* Begin PBXCopyFilesBuildPhase section */
		43A3FCDB1510269500268D4C /* CopyFiles */ = {
			isa = PBXCopyFilesBuildPhase;
			buildActionMask = 2147483647;
			dstPath = /usr/share/man/man1/;
			dstSubfolderSpec = 0;
			files = (
				43A3FCE41510269500268D4C /* _Puzzle.1 in CopyFiles */,
			);
			runOnlyForDeploymentPostprocessing = 1;
		};
/* End PBXCopyFilesBuildPhase section */

/* Begin PBXFileReference section */
		43A3FCDD1510269500268D4C /* 8Puzzle */ = {isa = PBXFileReference; explicitFileType = "compiled.mach-o.executable"; includeInIndex = 0; path = 8Puzzle; sourceTree = BUILT_PRODUCTS_DIR; };
		43A3FCE11510269500268D4C /* main.cpp */ = {isa = PBXFileReference; lastKnownFileType = sourcecode.cpp.cpp; path = main.cpp; sourceTree = "<group>"; };
		43A3FCE31510269500268D4C /* _Puzzle.1 */ = {isa = PBXFileReference; lastKnownFileType = text.man; path = _Puzzle.1; sourceTree = "<group>"; };
		A6149A0615109867003D6E46 /* 8puzzle.txt */ = {isa = PBXFileReference; fileEncoding = 4; lastKnownFileType = text; name = 8puzzle.txt; path = "../../../Library/Developer/Xcode/DerivedData/8Puzzle-cydyrckpzuscqbcbpdlpzindjdmt/Build/Products/Debug/8puzzle.txt"; sourceTree = "<group>"; };
/* End PBXFileReference section */

/* Begin PBXFrameworksBuildPhase section */
		43A3FCDA1510269500268D4C /* Frameworks */ = {
			isa = PBXFrameworksBuildPhase;
			buildActionMask = 2147483647;
			files = (
			);
			runOnlyForDeploymentPostprocessing = 0;
		};
/* End PBXFrameworksBuildPhase section */

/* Begin PBXGroup section */
		43A3FCD21510269500268D4C = {
			isa = PBXGroup;
			children = (
				43A3FCE01510269500268D4C /* 8Puzzle */,
				43A3FCDE1510269500268D4C /* Products */,
			);
			sourceTree = "<group>";
		};
		43A3FCDE1510269500268D4C /* Products */ = {
			isa = PBXGroup;
			children = (
				43A3FCDD1510269500268D4C /* 8Puzzle */,
			);
			name = Products;
			sourceTree = "<group>";
		};
		43A3FCE01510269500268D4C /* 8Puzzle */ = {
			isa = PBXGroup;
			children = (
				43A3FCE11510269500268D4C /* main.cpp */,
				A6149A0615109867003D6E46 /* 8puzzle.txt */,
				43A3FCE31510269500268D4C /* _Puzzle.1 */,
			);
			path = 8Puzzle;
			sourceTree = "<group>";
		};
/* End PBXGroup section */

/* Begin PBXNativeTarget section */
		43A3FCDC1510269500268D4C /* 8Puzzle */ = {
			isa = PBXNativeTarget;
			buildConfigurationList = 43A3FCE71510269500268D4C /* Build configuration list for PBXNativeTarget "8Puzzle" */;
			buildPhases = (
				43A3FCD91510269500268D4C /* Sources */,
				43A3FCDA1510269500268D4C /* Frameworks */,
				43A3FCDB1510269500268D4C /* CopyFiles */,
			);
			buildRules = (
			);
			dependencies = (
			);
			name = 8Puzzle;
			productName = 8Puzzle;
			productReference = 43A3FCDD1510269500268D4C /* 8Puzzle */;
			productType = "com.apple.product-type.tool";
		};
/* End PBXNativeTarget section */

/* Begin PBXProject section */
		43A3FCD41510269500268D4C /* Project object */ = {
			isa = PBXProject;
			attributes = {
				LastUpgradeCheck = 0420;
			};
			buildConfigurationList = 43A3FCD71510269500268D4C /* Build configuration list for PBXProject "8Puzzle" */;
			compatibilityVersion = "Xcode 3.2";
			developmentRegion = English;
			hasScannedForEncodings = 0;
			knownRegions = (
				en,
			);
			mainGroup = 43A3FCD21510269500268D4C;
			productRefGroup = 43A3FCDE1510269500268D4C /* Products */;
			projectDirPath = "";
			projectRoot = "";
			targets = (
				43A3FCDC1510269500268D4C /* 8Puzzle */,
			);
		};
/* End PBXProject section */

/* Begin PBXSourcesBuildPhase section */
		43A3FCD91510269500268D4C /* Sources */ = {
			isa = PBXSourcesBuildPhase;
			buildActionMask = 2147483647;
			files = (
				43A3FCE21510269500268D4C /* main.cpp in Sources */,
			);
			runOnlyForDeploymentPostprocessing = 0;
		};
/* End PBXSourcesBuildPhase section */

/* Begin XCBuildConfiguration section */
		43A3FCE51510269500268D4C /* Debug */ = {
			isa = XCBuildConfiguration;
			buildSettings = {
				ALWAYS_SEARCH_USER_PATHS = NO;
				ARCHS = "$(ARCHS_STANDARD_64_BIT)";
				CLANG_ENABLE_OBJC_ARC = YES;
				COPY_PHASE_STRIP = NO;
				GCC_C_LANGUAGE_STANDARD = gnu99;
				GCC_DYNAMIC_NO_PIC = NO;
				GCC_ENABLE_OBJC_EXCEPTIONS = YES;
				GCC_OPTIMIZATION_LEVEL = 0;
				GCC_PREPROCESSOR_DEFINITIONS = (
					"DEBUG=1",
					"$(inherited)",
				);
				GCC_SYMBOLS_PRIVATE_EXTERN = NO;
				GCC_VERSION = com.apple.compilers.llvm.clang.1_0;
				GCC_WARN_64_TO_32_BIT_CONVERSION = YES;
				GCC_WARN_ABOUT_MISSING_PROTOTYPES = YES;
				GCC_WARN_ABOUT_RETURN_TYPE = YES;
				GCC_WARN_UNUSED_VARIABLE = YES;
				MACOSX_DEPLOYMENT_TARGET = 10.7;
				ONLY_ACTIVE_ARCH = YES;
				SDKROOT = macosx;
			};
			name = Debug;
		};
		43A3FCE61510269500268D4C /* Release */ = {
			isa = XCBuildConfiguration;
			buildSettings = {
				ALWAYS_SEARCH_USER_PATHS = NO;
				ARCHS = "$(ARCHS_STANDARD_64_BIT)";
				CLANG_ENABLE_OBJC_ARC = YES;
				COPY_PHASE_STRIP = YES;
				DEBUG_INFORMATION_FORMAT = "dwarf-with-dsym";
				GCC_C_LANGUAGE_STANDARD = gnu99;
				GCC_ENABLE_OBJC_EXCEPTIONS = YES;
				GCC_VERSION = com.apple.compilers.llvm.clang.1_0;
				GCC_WARN_64_TO_32_BIT_CONVERSION = YES;
				GCC_WARN_ABOUT_MISSING_PROTOTYPES = YES;
				GCC_WARN_ABOUT_RETURN_TYPE = YES;
				GCC_WARN_UNUSED_VARIABLE = YES;
				MACOSX_DEPLOYMENT_TARGET = 10.7;
				SDKROOT = macosx;
			};
			name = Release;
		};
		43A3FCE81510269500268D4C /* Debug */ = {
			isa = XCBuildConfiguration;
			buildSettings = {
				PRODUCT_NAME = "$(TARGET_NAME)";
			};
			name = Debug;
		};
		43A3FCE91510269500268D4C /* Release */ = {
			isa = XCBuildConfiguration;
			buildSettings = {
				PRODUCT_NAME = "$(TARGET_NAME)";
			};
			name = Release;
		};
/* End XCBuildConfiguration section */

/* Begin XCConfigurationList section */
		43A3FCD71510269500268D4C /* Build configuration list for PBXProject "8Puzzle" */ = {
			isa = XCConfigurationList;
			buildConfigurations = (
				43A3FCE51510269500268D4C /* Debug */,
				43A3FCE61510269500268D4C /* Release */,
			);
			defaultConfigurationIsVisible = 0;
			defaultConfigurationName = Release;
		};
		43A3FCE71510269500268D4C /* Build configuration list for PBXNativeTarget "8Puzzle" */ = {
			isa = XCConfigurationList;
			buildConfigurations = (
				43A3FCE81510269500268D4C /* Debug */,
				43A3FCE91510269500268D4C /* Release */,
			);
			defaultConfigurationIsVisible = 0;
			defaultConfigurationName = Release;
		};
/* End XCConfigurationList section */
	};
	rootObject = 43A3FCD41510269500268D4C /* Project object */;
}
